// !$*UTF8*$!
{
	archiveVersion = 1;
	classes = {
	};
	objectVersion = 46;
	objects = {

/* Begin PBXBuildFile section */
		E8B376CC15DEEBAA00E2ECD8 /* UIKit.framework in Frameworks */ = {isa = PBXBuildFile; fileRef = E8B376CB15DEEBAA00E2ECD8 /* UIKit.framework */; };
		E8B376CE15DEEBAA00E2ECD8 /* Foundation.framework in Frameworks */ = {isa = PBXBuildFile; fileRef = E8B376CD15DEEBAA00E2ECD8 /* Foundation.framework */; };
		E8B376D015DEEBAA00E2ECD8 /* CoreGraphics.framework in Frameworks */ = {isa = PBXBuildFile; fileRef = E8B376CF15DEEBAA00E2ECD8 /* CoreGraphics.framework */; };
		E8B376D215DEEBAA00E2ECD8 /* CoreData.framework in Frameworks */ = {isa = PBXBuildFile; fileRef = E8B376D115DEEBAA00E2ECD8 /* CoreData.framework */; };
		E8B376D815DEEBAA00E2ECD8 /* InfoPlist.strings in Resources */ = {isa = PBXBuildFile; fileRef = E8B376D615DEEBAA00E2ECD8 /* InfoPlist.strings */; };
		E8B376DA15DEEBAA00E2ECD8 /* main.m in Sources */ = {isa = PBXBuildFile; fileRef = E8B376D915DEEBAA00E2ECD8 /* main.m */; };
		E8B376DE15DEEBAA00E2ECD8 /* AppDelegate.m in Sources */ = {isa = PBXBuildFile; fileRef = E8B376DD15DEEBAA00E2ECD8 /* AppDelegate.m */; };
		E8B376E115DEEBAA00E2ECD8 /* jobmineApi.xcdatamodeld in Sources */ = {isa = PBXBuildFile; fileRef = E8B376DF15DEEBAA00E2ECD8 /* jobmineApi.xcdatamodeld */; };
		E8B376E915DEEBAA00E2ECD8 /* SenTestingKit.framework in Frameworks */ = {isa = PBXBuildFile; fileRef = E8B376E815DEEBAA00E2ECD8 /* SenTestingKit.framework */; };
		E8B376EA15DEEBAA00E2ECD8 /* UIKit.framework in Frameworks */ = {isa = PBXBuildFile; fileRef = E8B376CB15DEEBAA00E2ECD8 /* UIKit.framework */; };
		E8B376EB15DEEBAA00E2ECD8 /* Foundation.framework in Frameworks */ = {isa = PBXBuildFile; fileRef = E8B376CD15DEEBAA00E2ECD8 /* Foundation.framework */; };
		E8B376EC15DEEBAA00E2ECD8 /* CoreData.framework in Frameworks */ = {isa = PBXBuildFile; fileRef = E8B376D115DEEBAA00E2ECD8 /* CoreData.framework */; };
		E8B376F415DEEBAA00E2ECD8 /* InfoPlist.strings in Resources */ = {isa = PBXBuildFile; fileRef = E8B376F215DEEBAA00E2ECD8 /* InfoPlist.strings */; };
		E8B376F715DEEBAA00E2ECD8 /* jobmineApiTests.m in Sources */ = {isa = PBXBuildFile; fileRef = E8B376F615DEEBAA00E2ECD8 /* jobmineApiTests.m */; };
/* End PBXBuildFile section */

/* Begin PBXContainerItemProxy section */
		E8B376ED15DEEBAA00E2ECD8 /* PBXContainerItemProxy */ = {
			isa = PBXContainerItemProxy;
			containerPortal = E8B376BE15DEEBAA00E2ECD8 /* Project object */;
			proxyType = 1;
			remoteGlobalIDString = E8B376C615DEEBAA00E2ECD8;
			remoteInfo = jobmineApi;
		};
/* End PBXContainerItemProxy section */

/* Begin PBXFileReference section */
		E8B376C715DEEBAA00E2ECD8 /* jobmineApi.app */ = {isa = PBXFileReference; explicitFileType = wrapper.application; includeInIndex = 0; path = jobmineApi.app; sourceTree = BUILT_PRODUCTS_DIR; };
		E8B376CB15DEEBAA00E2ECD8 /* UIKit.framework */ = {isa = PBXFileReference; lastKnownFileType = wrapper.framework; name = UIKit.framework; path = System/Library/Frameworks/UIKit.framework; sourceTree = SDKROOT; };
		E8B376CD15DEEBAA00E2ECD8 /* Foundation.framework */ = {isa = PBXFileReference; lastKnownFileType = wrapper.framework; name = Foundation.framework; path = System/Library/Frameworks/Foundation.framework; sourceTree = SDKROOT; };
		E8B376CF15DEEBAA00E2ECD8 /* CoreGraphics.framework */ = {isa = PBXFileReference; lastKnownFileType = wrapper.framework; name = CoreGraphics.framework; path = System/Library/Frameworks/CoreGraphics.framework; sourceTree = SDKROOT; };
		E8B376D115DEEBAA00E2ECD8 /* CoreData.framework */ = {isa = PBXFileReference; lastKnownFileType = wrapper.framework; name = CoreData.framework; path = System/Library/Frameworks/CoreData.framework; sourceTree = SDKROOT; };
		E8B376D515DEEBAA00E2ECD8 /* jobmineApi-Info.plist */ = {isa = PBXFileReference; lastKnownFileType = text.plist.xml; path = "jobmineApi-Info.plist"; sourceTree = "<group>"; };
		E8B376D715DEEBAA00E2ECD8 /* en */ = {isa = PBXFileReference; lastKnownFileType = text.plist.strings; name = en; path = en.lproj/InfoPlist.strings; sourceTree = "<group>"; };
		E8B376D915DEEBAA00E2ECD8 /* main.m */ = {isa = PBXFileReference; lastKnownFileType = sourcecode.c.objc; path = main.m; sourceTree = "<group>"; };
		E8B376DB15DEEBAA00E2ECD8 /* jobmineApi-Prefix.pch */ = {isa = PBXFileReference; lastKnownFileType = sourcecode.c.h; path = "jobmineApi-Prefix.pch"; sourceTree = "<group>"; };
		E8B376DC15DEEBAA00E2ECD8 /* AppDelegate.h */ = {isa = PBXFileReference; lastKnownFileType = sourcecode.c.h; path = AppDelegate.h; sourceTree = "<group>"; };
		E8B376DD15DEEBAA00E2ECD8 /* AppDelegate.m */ = {isa = PBXFileReference; lastKnownFileType = sourcecode.c.objc; path = AppDelegate.m; sourceTree = "<group>"; };
		E8B376E015DEEBAA00E2ECD8 /* jobmineApi.xcdatamodel */ = {isa = PBXFileReference; lastKnownFileType = wrapper.xcdatamodel; path = jobmineApi.xcdatamodel; sourceTree = "<group>"; };
		E8B376E715DEEBAA00E2ECD8 /* jobmineApiTests.octest */ = {isa = PBXFileReference; explicitFileType = wrapper.cfbundle; includeInIndex = 0; path = jobmineApiTests.octest; sourceTree = BUILT_PRODUCTS_DIR; };
		E8B376E815DEEBAA00E2ECD8 /* SenTestingKit.framework */ = {isa = PBXFileReference; lastKnownFileType = wrapper.framework; name = SenTestingKit.framework; path = Library/Frameworks/SenTestingKit.framework; sourceTree = DEVELOPER_DIR; };
		E8B376F115DEEBAA00E2ECD8 /* jobmineApiTests-Info.plist */ = {isa = PBXFileReference; lastKnownFileType = text.plist.xml; path = "jobmineApiTests-Info.plist"; sourceTree = "<group>"; };
		E8B376F315DEEBAA00E2ECD8 /* en */ = {isa = PBXFileReference; lastKnownFileType = text.plist.strings; name = en; path = en.lproj/InfoPlist.strings; sourceTree = "<group>"; };
		E8B376F515DEEBAA00E2ECD8 /* jobmineApiTests.h */ = {isa = PBXFileReference; lastKnownFileType = sourcecode.c.h; path = jobmineApiTests.h; sourceTree = "<group>"; };
		E8B376F615DEEBAA00E2ECD8 /* jobmineApiTests.m */ = {isa = PBXFileReference; lastKnownFileType = sourcecode.c.objc; path = jobmineApiTests.m; sourceTree = "<group>"; };
/* End PBXFileReference section */

/* Begin PBXFrameworksBuildPhase section */
		E8B376C415DEEBAA00E2ECD8 /* Frameworks */ = {
			isa = PBXFrameworksBuildPhase;
			buildActionMask = 2147483647;
			files = (
				E8B376CC15DEEBAA00E2ECD8 /* UIKit.framework in Frameworks */,
				E8B376CE15DEEBAA00E2ECD8 /* Foundation.framework in Frameworks */,
				E8B376D015DEEBAA00E2ECD8 /* CoreGraphics.framework in Frameworks */,
				E8B376D215DEEBAA00E2ECD8 /* CoreData.framework in Frameworks */,
			);
			runOnlyForDeploymentPostprocessing = 0;
		};
		E8B376E315DEEBAA00E2ECD8 /* Frameworks */ = {
			isa = PBXFrameworksBuildPhase;
			buildActionMask = 2147483647;
			files = (
				E8B376E915DEEBAA00E2ECD8 /* SenTestingKit.framework in Frameworks */,
				E8B376EA15DEEBAA00E2ECD8 /* UIKit.framework in Frameworks */,
				E8B376EB15DEEBAA00E2ECD8 /* Foundation.framework in Frameworks */,
				E8B376EC15DEEBAA00E2ECD8 /* CoreData.framework in Frameworks */,
			);
			runOnlyForDeploymentPostprocessing = 0;
		};
/* End PBXFrameworksBuildPhase section */

/* Begin PBXGroup section */
		E8B376BC15DEEBAA00E2ECD8 = {
			isa = PBXGroup;
			children = (
				E8B376D315DEEBAA00E2ECD8 /* jobmineApi */,
				E8B376EF15DEEBAA00E2ECD8 /* jobmineApiTests */,
				E8B376CA15DEEBAA00E2ECD8 /* Frameworks */,
				E8B376C815DEEBAA00E2ECD8 /* Products */,
			);
			sourceTree = "<group>";
		};
		E8B376C815DEEBAA00E2ECD8 /* Products */ = {
			isa = PBXGroup;
			children = (
				E8B376C715DEEBAA00E2ECD8 /* jobmineApi.app */,
				E8B376E715DEEBAA00E2ECD8 /* jobmineApiTests.octest */,
			);
			name = Products;
			sourceTree = "<group>";
		};
		E8B376CA15DEEBAA00E2ECD8 /* Frameworks */ = {
			isa = PBXGroup;
			children = (
				E8B376CB15DEEBAA00E2ECD8 /* UIKit.framework */,
				E8B376CD15DEEBAA00E2ECD8 /* Foundation.framework */,
				E8B376CF15DEEBAA00E2ECD8 /* CoreGraphics.framework */,
				E8B376D115DEEBAA00E2ECD8 /* CoreData.framework */,
				E8B376E815DEEBAA00E2ECD8 /* SenTestingKit.framework */,
			);
			name = Frameworks;
			sourceTree = "<group>";
		};
		E8B376D315DEEBAA00E2ECD8 /* jobmineApi */ = {
			isa = PBXGroup;
			children = (
				E8B376DC15DEEBAA00E2ECD8 /* AppDelegate.h */,
				E8B376DD15DEEBAA00E2ECD8 /* AppDelegate.m */,
				E8B376DF15DEEBAA00E2ECD8 /* jobmineApi.xcdatamodeld */,
				E8B376D415DEEBAA00E2ECD8 /* Supporting Files */,
			);
			path = jobmineApi;
			sourceTree = "<group>";
		};
		E8B376D415DEEBAA00E2ECD8 /* Supporting Files */ = {
			isa = PBXGroup;
			children = (
				E8B376D515DEEBAA00E2ECD8 /* jobmineApi-Info.plist */,
				E8B376D615DEEBAA00E2ECD8 /* InfoPlist.strings */,
				E8B376D915DEEBAA00E2ECD8 /* main.m */,
				E8B376DB15DEEBAA00E2ECD8 /* jobmineApi-Prefix.pch */,
			);
			name = "Supporting Files";
			sourceTree = "<group>";
		};
		E8B376EF15DEEBAA00E2ECD8 /* jobmineApiTests */ = {
			isa = PBXGroup;
			children = (
				E8B376F515DEEBAA00E2ECD8 /* jobmineApiTests.h */,
				E8B376F615DEEBAA00E2ECD8 /* jobmineApiTests.m */,
				E8B376F015DEEBAA00E2ECD8 /* Supporting Files */,
			);
			path = jobmineApiTests;
			sourceTree = "<group>";
		};
		E8B376F015DEEBAA00E2ECD8 /* Supporting Files */ = {
			isa = PBXGroup;
			children = (
				E8B376F115DEEBAA00E2ECD8 /* jobmineApiTests-Info.plist */,
				E8B376F215DEEBAA00E2ECD8 /* InfoPlist.strings */,
			);
			name = "Supporting Files";
			sourceTree = "<group>";
		};
/* End PBXGroup section */

/* Begin PBXNativeTarget section */
		E8B376C615DEEBAA00E2ECD8 /* jobmineApi */ = {
			isa = PBXNativeTarget;
			buildConfigurationList = E8B376FA15DEEBAA00E2ECD8 /* Build configuration list for PBXNativeTarget "jobmineApi" */;
			buildPhases = (
				E8B376C315DEEBAA00E2ECD8 /* Sources */,
				E8B376C415DEEBAA00E2ECD8 /* Frameworks */,
				E8B376C515DEEBAA00E2ECD8 /* Resources */,
			);
			buildRules = (
			);
			dependencies = (
			);
			name = jobmineApi;
			productName = jobmineApi;
			productReference = E8B376C715DEEBAA00E2ECD8 /* jobmineApi.app */;
			productType = "com.apple.product-type.application";
		};
		E8B376E615DEEBAA00E2ECD8 /* jobmineApiTests */ = {
			isa = PBXNativeTarget;
			buildConfigurationList = E8B376FD15DEEBAA00E2ECD8 /* Build configuration list for PBXNativeTarget "jobmineApiTests" */;
			buildPhases = (
				E8B376E215DEEBAA00E2ECD8 /* Sources */,
				E8B376E315DEEBAA00E2ECD8 /* Frameworks */,
				E8B376E415DEEBAA00E2ECD8 /* Resources */,
				E8B376E515DEEBAA00E2ECD8 /* ShellScript */,
			);
			buildRules = (
			);
			dependencies = (
				E8B376EE15DEEBAA00E2ECD8 /* PBXTargetDependency */,
			);
			name = jobmineApiTests;
			productName = jobmineApiTests;
			productReference = E8B376E715DEEBAA00E2ECD8 /* jobmineApiTests.octest */;
			productType = "com.apple.product-type.bundle";
		};
/* End PBXNativeTarget section */

/* Begin PBXProject section */
		E8B376BE15DEEBAA00E2ECD8 /* Project object */ = {
			isa = PBXProject;
			attributes = {
				LastUpgradeCheck = 0440;
				ORGANIZATIONNAME = edwin;
			};
			buildConfigurationList = E8B376C115DEEBAA00E2ECD8 /* Build configuration list for PBXProject "jobmineApi" */;
			compatibilityVersion = "Xcode 3.2";
			developmentRegion = English;
			hasScannedForEncodings = 0;
			knownRegions = (
				en,
			);
			mainGroup = E8B376BC15DEEBAA00E2ECD8;
			productRefGroup = E8B376C815DEEBAA00E2ECD8 /* Products */;
			projectDirPath = "";
			projectRoot = "";
			targets = (
				E8B376C615DEEBAA00E2ECD8 /* jobmineApi */,
				E8B376E615DEEBAA00E2ECD8 /* jobmineApiTests */,
			);
		};
/* End PBXProject section */

/* Begin PBXResourcesBuildPhase section */
		E8B376C515DEEBAA00E2ECD8 /* Resources */ = {
			isa = PBXResourcesBuildPhase;
			buildActionMask = 2147483647;
			files = (
				E8B376D815DEEBAA00E2ECD8 /* InfoPlist.strings in Resources */,
			);
			runOnlyForDeploymentPostprocessing = 0;
		};
		E8B376E415DEEBAA00E2ECD8 /* Resources */ = {
			isa = PBXResourcesBuildPhase;
			buildActionMask = 2147483647;
			files = (
				E8B376F415DEEBAA00E2ECD8 /* InfoPlist.strings in Resources */,
			);
			runOnlyForDeploymentPostprocessing = 0;
		};
/* End PBXResourcesBuildPhase section */

/* Begin PBXShellScriptBuildPhase section */
		E8B376E515DEEBAA00E2ECD8 /* ShellScript */ = {
			isa = PBXShellScriptBuildPhase;
			buildActionMask = 2147483647;
			files = (
			);
			inputPaths = (
			);
			outputPaths = (
			);
			runOnlyForDeploymentPostprocessing = 0;
			shellPath = /bin/sh;
			shellScript = "# Run the unit tests in this test bundle.\n\"${SYSTEM_DEVELOPER_DIR}/Tools/RunUnitTests\"\n";
		};
/* End PBXShellScriptBuildPhase section */

/* Begin PBXSourcesBuildPhase section */
		E8B376C315DEEBAA00E2ECD8 /* Sources */ = {
			isa = PBXSourcesBuildPhase;
			buildActionMask = 2147483647;
			files = (
				E8B376DA15DEEBAA00E2ECD8 /* main.m in Sources */,
				E8B376DE15DEEBAA00E2ECD8 /* AppDelegate.m in Sources */,
				E8B376E115DEEBAA00E2ECD8 /* jobmineApi.xcdatamodeld in Sources */,
			);
			runOnlyForDeploymentPostprocessing = 0;
		};
		E8B376E215DEEBAA00E2ECD8 /* Sources */ = {
			isa = PBXSourcesBuildPhase;
			buildActionMask = 2147483647;
			files = (
				E8B376F715DEEBAA00E2ECD8 /* jobmineApiTests.m in Sources */,
			);
			runOnlyForDeploymentPostprocessing = 0;
		};
/* End PBXSourcesBuildPhase section */

/* Begin PBXTargetDependency section */
		E8B376EE15DEEBAA00E2ECD8 /* PBXTargetDependency */ = {
			isa = PBXTargetDependency;
			target = E8B376C615DEEBAA00E2ECD8 /* jobmineApi */;
			targetProxy = E8B376ED15DEEBAA00E2ECD8 /* PBXContainerItemProxy */;
		};
/* End PBXTargetDependency section */

/* Begin PBXVariantGroup section */
		E8B376D615DEEBAA00E2ECD8 /* InfoPlist.strings */ = {
			isa = PBXVariantGroup;
			children = (
				E8B376D715DEEBAA00E2ECD8 /* en */,
			);
			name = InfoPlist.strings;
			sourceTree = "<group>";
		};
		E8B376F215DEEBAA00E2ECD8 /* InfoPlist.strings */ = {
			isa = PBXVariantGroup;
			children = (
				E8B376F315DEEBAA00E2ECD8 /* en */,
			);
			name = InfoPlist.strings;
			sourceTree = "<group>";
		};
/* End PBXVariantGroup section */

/* Begin XCBuildConfiguration section */
		E8B376F815DEEBAA00E2ECD8 /* Debug */ = {
			isa = XCBuildConfiguration;
			buildSettings = {
				ALWAYS_SEARCH_USER_PATHS = NO;
				ARCHS = "$(ARCHS_STANDARD_32_BIT)";
				CLANG_CXX_LANGUAGE_STANDARD = "gnu++0x";
				CLANG_ENABLE_OBJC_ARC = YES;
				CLANG_WARN__DUPLICATE_METHOD_MATCH = YES;
				"CODE_SIGN_IDENTITY[sdk=iphoneos*]" = "iPhone Developer";
				COPY_PHASE_STRIP = NO;
				GCC_C_LANGUAGE_STANDARD = gnu99;
				GCC_DYNAMIC_NO_PIC = NO;
				GCC_OPTIMIZATION_LEVEL = 0;
				GCC_PREPROCESSOR_DEFINITIONS = (
					"DEBUG=1",
					"$(inherited)",
				);
				GCC_SYMBOLS_PRIVATE_EXTERN = NO;
				GCC_VERSION = com.apple.compilers.llvm.clang.1_0;
				GCC_WARN_ABOUT_RETURN_TYPE = YES;
				GCC_WARN_UNINITIALIZED_AUTOS = YES;
				GCC_WARN_UNUSED_VARIABLE = YES;
				IPHONEOS_DEPLOYMENT_TARGET = 5.1;
				SDKROOT = iphoneos;
				TARGETED_DEVICE_FAMILY = "1,2";
			};
			name = Debug;
		};
		E8B376F915DEEBAA00E2ECD8 /* Release */ = {
			isa = XCBuildConfiguration;
			buildSettings = {
				ALWAYS_SEARCH_USER_PATHS = NO;
				ARCHS = "$(ARCHS_STANDARD_32_BIT)";
				CLANG_CXX_LANGUAGE_STANDARD = "gnu++0x";
				CLANG_ENABLE_OBJC_ARC = YES;
				CLANG_WARN__DUPLICATE_METHOD_MATCH = YES;
				"CODE_SIGN_IDENTITY[sdk=iphoneos*]" = "iPhone Developer";
				COPY_PHASE_STRIP = YES;
				GCC_C_LANGUAGE_STANDARD = gnu99;
				GCC_VERSION = com.apple.compilers.llvm.clang.1_0;
				GCC_WARN_ABOUT_RETURN_TYPE = YES;
				GCC_WARN_UNINITIALIZED_AUTOS = YES;
				GCC_WARN_UNUSED_VARIABLE = YES;
				IPHONEOS_DEPLOYMENT_TARGET = 5.1;
				OTHER_CFLAGS = "-DNS_BLOCK_ASSERTIONS=1";
				SDKROOT = iphoneos;
				TARGETED_DEVICE_FAMILY = "1,2";
				VALIDATE_PRODUCT = YES;
			};
			name = Release;
		};
		E8B376FB15DEEBAA00E2ECD8 /* Debug */ = {
			isa = XCBuildConfiguration;
			buildSettings = {
				GCC_PRECOMPILE_PREFIX_HEADER = YES;
				GCC_PREFIX_HEADER = "jobmineApi/jobmineApi-Prefix.pch";
				INFOPLIST_FILE = "jobmineApi/jobmineApi-Info.plist";
				PRODUCT_NAME = "$(TARGET_NAME)";
				WRAPPER_EXTENSION = app;
			};
			name = Debug;
		};
		E8B376FC15DEEBAA00E2ECD8 /* Release */ = {
			isa = XCBuildConfiguration;
			buildSettings = {
				GCC_PRECOMPILE_PREFIX_HEADER = YES;
				GCC_PREFIX_HEADER = "jobmineApi/jobmineApi-Prefix.pch";
				INFOPLIST_FILE = "jobmineApi/jobmineApi-Info.plist";
				PRODUCT_NAME = "$(TARGET_NAME)";
				WRAPPER_EXTENSION = app;
			};
			name = Release;
		};
		E8B376FE15DEEBAA00E2ECD8 /* Debug */ = {
			isa = XCBuildConfiguration;
			buildSettings = {
				BUNDLE_LOADER = "$(BUILT_PRODUCTS_DIR)/jobmineApi.app/jobmineApi";
				FRAMEWORK_SEARCH_PATHS = (
					"\"$(SDKROOT)/Developer/Library/Frameworks\"",
					"\"$(DEVELOPER_LIBRARY_DIR)/Frameworks\"",
				);
				GCC_PRECOMPILE_PREFIX_HEADER = YES;
				GCC_PREFIX_HEADER = "jobmineApi/jobmineApi-Prefix.pch";
				INFOPLIST_FILE = "jobmineApiTests/jobmineApiTests-Info.plist";
				PRODUCT_NAME = "$(TARGET_NAME)";
				TEST_HOST = "$(BUNDLE_LOADER)";
				WRAPPER_EXTENSION = octest;
			};
			name = Debug;
		};
		E8B376FF15DEEBAA00E2ECD8 /* Release */ = {
			isa = XCBuildConfiguration;
			buildSettings = {
				BUNDLE_LOADER = "$(BUILT_PRODUCTS_DIR)/jobmineApi.app/jobmineApi";
				FRAMEWORK_SEARCH_PATHS = (
					"\"$(SDKROOT)/Developer/Library/Frameworks\"",
					"\"$(DEVELOPER_LIBRARY_DIR)/Frameworks\"",
				);
				GCC_PRECOMPILE_PREFIX_HEADER = YES;
				GCC_PREFIX_HEADER = "jobmineApi/jobmineApi-Prefix.pch";
				INFOPLIST_FILE = "jobmineApiTests/jobmineApiTests-Info.plist";
				PRODUCT_NAME = "$(TARGET_NAME)";
				TEST_HOST = "$(BUNDLE_LOADER)";
				WRAPPER_EXTENSION = octest;
			};
			name = Release;
		};
/* End XCBuildConfiguration section */

/* Begin XCConfigurationList section */
		E8B376C115DEEBAA00E2ECD8 /* Build configuration list for PBXProject "jobmineApi" */ = {
			isa = XCConfigurationList;
			buildConfigurations = (
				E8B376F815DEEBAA00E2ECD8 /* Debug */,
				E8B376F915DEEBAA00E2ECD8 /* Release */,
			);
			defaultConfigurationIsVisible = 0;
			defaultConfigurationName = Release;
		};
		E8B376FA15DEEBAA00E2ECD8 /* Build configuration list for PBXNativeTarget "jobmineApi" */ = {
			isa = XCConfigurationList;
			buildConfigurations = (
				E8B376FB15DEEBAA00E2ECD8 /* Debug */,
				E8B376FC15DEEBAA00E2ECD8 /* Release */,
			);
			defaultConfigurationIsVisible = 0;
		};
		E8B376FD15DEEBAA00E2ECD8 /* Build configuration list for PBXNativeTarget "jobmineApiTests" */ = {
			isa = XCConfigurationList;
			buildConfigurations = (
				E8B376FE15DEEBAA00E2ECD8 /* Debug */,
				E8B376FF15DEEBAA00E2ECD8 /* Release */,
			);
			defaultConfigurationIsVisible = 0;
		};
/* End XCConfigurationList section */

/* Begin XCVersionGroup section */
		E8B376DF15DEEBAA00E2ECD8 /* jobmineApi.xcdatamodeld */ = {
			isa = XCVersionGroup;
			children = (
				E8B376E015DEEBAA00E2ECD8 /* jobmineApi.xcdatamodel */,
			);
			currentVersion = E8B376E015DEEBAA00E2ECD8 /* jobmineApi.xcdatamodel */;
			path = jobmineApi.xcdatamodeld;
			sourceTree = "<group>";
			versionGroupType = wrapper.xcdatamodel;
		};
/* End XCVersionGroup section */
	};
	rootObject = E8B376BE15DEEBAA00E2ECD8 /* Project object */;
}
